
Microsoft Visual Studio Solution File, Format Version 12.00
# Visual Studio Version 16
VisualStudioVersion = 16.0.29519.87
MinimumVisualStudioVersion = 10.0.40219.1
Project("{8BC9CEB8-8B4A-11D0-8D11-00A0C91BC942}") = "App", "App.vcxproj", "{B30EEBF7-4402-465B-8779-FCE17482B657}"
EndProject
Global
	GlobalSection(SolutionConfigurationPlatforms) = preSolution
		Debug|x64 = Debug|x64
		Debug|x86 = Debug|x86
		Release|x64 = Release|x64
		Release|x86 = Release|x86
	EndGlobalSection
	GlobalSection(ProjectConfigurationPlatforms) = postSolution
		{B30EEBF7-4402-465B-8779-FCE17482B657}.Debug|x64.ActiveCfg = Debug|x64
		{B30EEBF7-4402-465B-8779-FCE17482B657}.Debug|x64.Build.0 = Debug|x64
		{B30EEBF7-4402-465B-8779-FCE17482B657}.Debug|x86.ActiveCfg = Debug|Win32
		{B30EEBF7-4402-465B-8779-FCE17482B657}.Debug|x86.Build.0 = Debug|Win32
		{B30EEBF7-4402-465B-8779-FCE17482B657}.Release|x64.ActiveCfg = Release|x64
		{B30EEBF7-4402-465B-8779-FCE17482B657}.Release|x64.Build.0 = Release|x64
		{B30EEBF7-4402-465B-8779-FCE17482B657}.Release|x86.ActiveCfg = Release|Win32
		{B30EEBF7-4402-465B-8779-FCE17482B657}.Release|x86.Build.0 = Release|Win32
	EndGlobalSection
	GlobalSection(SolutionProperties) = preSolution
		HideSolutionNode = FALSE
	EndGlobalSection
	GlobalSection(ExtensibilityGlobals) = postSolution
		SolutionGuid = {767B5DB2-99C6-4B58-958C-4D357EC94B63}
	EndGlobalSection
EndGlobal
